
Microsoft Visual Studio Solution File, Format Version 12.00
# Visual Studio Version 17
VisualStudioVersion = 17.9.34622.214
MinimumVisualStudioVersion = 10.0.40219.1
Project("{9A19103F-16F7-4668-BE54-9A1E7A4F7556}") = "ConsoleApp1", "ConsoleApp1\ConsoleApp1.csproj", "{A98F7154-063A-4FC0-8318-684B4FD1398E}"
EndProject
Project("{FAE04EC0-301F-11D3-BF4B-00C04F79EFBC}") = "ListOpdracht", "..\ListOpdracht\ListOpdracht.csproj", "{99056DD6-DC33-4100-AAD7-71B2E2B1F99D}"
EndProject
Global
	GlobalSection(SolutionConfigurationPlatforms) = preSolution
		Debug|Any CPU = Debug|Any CPU
		Release|Any CPU = Release|Any CPU
	EndGlobalSection
	GlobalSection(ProjectConfigurationPlatforms) = postSolution
		{A98F7154-063A-4FC0-8318-684B4FD1398E}.Debug|Any CPU.ActiveCfg = Debug|Any CPU
		{A98F7154-063A-4FC0-8318-684B4FD1398E}.Debug|Any CPU.Build.0 = Debug|Any CPU
		{A98F7154-063A-4FC0-8318-684B4FD1398E}.Release|Any CPU.ActiveCfg = Release|Any CPU
		{A98F7154-063A-4FC0-8318-684B4FD1398E}.Release|Any CPU.Build.0 = Release|Any CPU
		{99056DD6-DC33-4100-AAD7-71B2E2B1F99D}.Debug|Any CPU.ActiveCfg = Debug|Any CPU
		{99056DD6-DC33-4100-AAD7-71B2E2B1F99D}.Debug|Any CPU.Build.0 = Debug|Any CPU
		{99056DD6-DC33-4100-AAD7-71B2E2B1F99D}.Release|Any CPU.ActiveCfg = Release|Any CPU
		{99056DD6-DC33-4100-AAD7-71B2E2B1F99D}.Release|Any CPU.Build.0 = Release|Any CPU
	EndGlobalSection
	GlobalSection(SolutionProperties) = preSolution
		HideSolutionNode = FALSE
	EndGlobalSection
	GlobalSection(ExtensibilityGlobals) = postSolution
		SolutionGuid = {0F6DC47D-ADF4-4FC8-B1EF-40517478D243}
	EndGlobalSection
EndGlobal
